// !$*UTF8*$!
{
	archiveVersion = 1;
	classes = {
	};
	objectVersion = 56;
	objects = {

/* Begin PBXBuildFile section */
		8B162EAB2B8898F900567C4A /* BeaconTestApp.swift in Sources */ = {isa = PBXBuildFile; fileRef = 8B162EAA2B8898F900567C4A /* BeaconTestApp.swift */; };
		8B162EAD2B8898F900567C4A /* ContentView.swift in Sources */ = {isa = PBXBuildFile; fileRef = 8B162EAC2B8898F900567C4A /* ContentView.swift */; };
		8B162EAF2B8898FA00567C4A /* Assets.xcassets in Resources */ = {isa = PBXBuildFile; fileRef = 8B162EAE2B8898FA00567C4A /* Assets.xcassets */; };
		8B162EB22B8898FA00567C4A /* Preview Assets.xcassets in Resources */ = {isa = PBXBuildFile; fileRef = 8B162EB12B8898FA00567C4A /* Preview Assets.xcassets */; };
		8B162EBC2B8898FA00567C4A /* BeaconTestTests.swift in Sources */ = {isa = PBXBuildFile; fileRef = 8B162EBB2B8898FA00567C4A /* BeaconTestTests.swift */; };
		8B162EC62B8898FA00567C4A /* BeaconTestUITests.swift in Sources */ = {isa = PBXBuildFile; fileRef = 8B162EC52B8898FA00567C4A /* BeaconTestUITests.swift */; };
		8B162EC82B8898FA00567C4A /* BeaconTestUITestsLaunchTests.swift in Sources */ = {isa = PBXBuildFile; fileRef = 8B162EC72B8898FA00567C4A /* BeaconTestUITestsLaunchTests.swift */; };
		8B162EDE2B8CAFFC00567C4A /* BeaconManager.swift in Sources */ = {isa = PBXBuildFile; fileRef = 8B162EDD2B8CAFFC00567C4A /* BeaconManager.swift */; };
		8B162EE02B8DDAB300567C4A /* BeaconInfo.swift in Sources */ = {isa = PBXBuildFile; fileRef = 8B162EDF2B8DDAB300567C4A /* BeaconInfo.swift */; };
		8BCE7C2D2B931C5F005F7D5D /* VibrationManager.swift in Sources */ = {isa = PBXBuildFile; fileRef = 8BCE7C2C2B931C5F005F7D5D /* VibrationManager.swift */; };
/* End PBXBuildFile section */

/* Begin PBXContainerItemProxy section */
		8B162EB82B8898FA00567C4A /* PBXContainerItemProxy */ = {
			isa = PBXContainerItemProxy;
			containerPortal = 8B162E9F2B8898F900567C4A /* Project object */;
			proxyType = 1;
			remoteGlobalIDString = 8B162EA62B8898F900567C4A;
			remoteInfo = BeaconTest;
		};
		8B162EC22B8898FA00567C4A /* PBXContainerItemProxy */ = {
			isa = PBXContainerItemProxy;
			containerPortal = 8B162E9F2B8898F900567C4A /* Project object */;
			proxyType = 1;
			remoteGlobalIDString = 8B162EA62B8898F900567C4A;
			remoteInfo = BeaconTest;
		};
/* End PBXContainerItemProxy section */

/* Begin PBXFileReference section */
		8B162EA72B8898F900567C4A /* BeaconTest.app */ = {isa = PBXFileReference; explicitFileType = wrapper.application; includeInIndex = 0; path = BeaconTest.app; sourceTree = BUILT_PRODUCTS_DIR; };
		8B162EAA2B8898F900567C4A /* BeaconTestApp.swift */ = {isa = PBXFileReference; lastKnownFileType = sourcecode.swift; path = BeaconTestApp.swift; sourceTree = "<group>"; };
		8B162EAC2B8898F900567C4A /* ContentView.swift */ = {isa = PBXFileReference; lastKnownFileType = sourcecode.swift; path = ContentView.swift; sourceTree = "<group>"; };
		8B162EAE2B8898FA00567C4A /* Assets.xcassets */ = {isa = PBXFileReference; lastKnownFileType = folder.assetcatalog; path = Assets.xcassets; sourceTree = "<group>"; };
		8B162EB12B8898FA00567C4A /* Preview Assets.xcassets */ = {isa = PBXFileReference; lastKnownFileType = folder.assetcatalog; path = "Preview Assets.xcassets"; sourceTree = "<group>"; };
		8B162EB72B8898FA00567C4A /* BeaconTestTests.xctest */ = {isa = PBXFileReference; explicitFileType = wrapper.cfbundle; includeInIndex = 0; path = BeaconTestTests.xctest; sourceTree = BUILT_PRODUCTS_DIR; };
		8B162EBB2B8898FA00567C4A /* BeaconTestTests.swift */ = {isa = PBXFileReference; lastKnownFileType = sourcecode.swift; path = BeaconTestTests.swift; sourceTree = "<group>"; };
		8B162EC12B8898FA00567C4A /* BeaconTestUITests.xctest */ = {isa = PBXFileReference; explicitFileType = wrapper.cfbundle; includeInIndex = 0; path = BeaconTestUITests.xctest; sourceTree = BUILT_PRODUCTS_DIR; };
		8B162EC52B8898FA00567C4A /* BeaconTestUITests.swift */ = {isa = PBXFileReference; lastKnownFileType = sourcecode.swift; path = BeaconTestUITests.swift; sourceTree = "<group>"; };
		8B162EC72B8898FA00567C4A /* BeaconTestUITestsLaunchTests.swift */ = {isa = PBXFileReference; lastKnownFileType = sourcecode.swift; path = BeaconTestUITestsLaunchTests.swift; sourceTree = "<group>"; };
		8B162ED62B889E5A00567C4A /* Info.plist */ = {isa = PBXFileReference; lastKnownFileType = text.plist; path = Info.plist; sourceTree = "<group>"; };
		8B162EDD2B8CAFFC00567C4A /* BeaconManager.swift */ = {isa = PBXFileReference; lastKnownFileType = sourcecode.swift; path = BeaconManager.swift; sourceTree = "<group>"; };
		8B162EDF2B8DDAB300567C4A /* BeaconInfo.swift */ = {isa = PBXFileReference; lastKnownFileType = sourcecode.swift; path = BeaconInfo.swift; sourceTree = "<group>"; };
		8BCE7C2C2B931C5F005F7D5D /* VibrationManager.swift */ = {isa = PBXFileReference; lastKnownFileType = sourcecode.swift; path = VibrationManager.swift; sourceTree = "<group>"; };
/* End PBXFileReference section */

/* Begin PBXFrameworksBuildPhase section */
		8B162EA42B8898F900567C4A /* Frameworks */ = {
			isa = PBXFrameworksBuildPhase;
			buildActionMask = 2147483647;
			files = (
			);
			runOnlyForDeploymentPostprocessing = 0;
		};
		8B162EB42B8898FA00567C4A /* Frameworks */ = {
			isa = PBXFrameworksBuildPhase;
			buildActionMask = 2147483647;
			files = (
			);
			runOnlyForDeploymentPostprocessing = 0;
		};
		8B162EBE2B8898FA00567C4A /* Frameworks */ = {
			isa = PBXFrameworksBuildPhase;
			buildActionMask = 2147483647;
			files = (
			);
			runOnlyForDeploymentPostprocessing = 0;
		};
/* End PBXFrameworksBuildPhase section */

/* Begin PBXGroup section */
		8B162E9E2B8898F900567C4A = {
			isa = PBXGroup;
			children = (
				8B162EA92B8898F900567C4A /* BeaconTest */,
				8B162EBA2B8898FA00567C4A /* BeaconTestTests */,
				8B162EC42B8898FA00567C4A /* BeaconTestUITests */,
				8B162EA82B8898F900567C4A /* Products */,
			);
			sourceTree = "<group>";
		};
		8B162EA82B8898F900567C4A /* Products */ = {
			isa = PBXGroup;
			children = (
				8B162EA72B8898F900567C4A /* BeaconTest.app */,
				8B162EB72B8898FA00567C4A /* BeaconTestTests.xctest */,
				8B162EC12B8898FA00567C4A /* BeaconTestUITests.xctest */,
			);
			name = Products;
			sourceTree = "<group>";
		};
		8B162EA92B8898F900567C4A /* BeaconTest */ = {
			isa = PBXGroup;
			children = (
				8B162ED62B889E5A00567C4A /* Info.plist */,
				8B162EAA2B8898F900567C4A /* BeaconTestApp.swift */,
				8B162EAC2B8898F900567C4A /* ContentView.swift */,
				8BCE7C2C2B931C5F005F7D5D /* VibrationManager.swift */,
				8B162EDD2B8CAFFC00567C4A /* BeaconManager.swift */,
				8B162EDF2B8DDAB300567C4A /* BeaconInfo.swift */,
				8B162EAE2B8898FA00567C4A /* Assets.xcassets */,
				8B162EB02B8898FA00567C4A /* Preview Content */,
			);
			path = BeaconTest;
			sourceTree = "<group>";
		};
		8B162EB02B8898FA00567C4A /* Preview Content */ = {
			isa = PBXGroup;
			children = (
				8B162EB12B8898FA00567C4A /* Preview Assets.xcassets */,
			);
			path = "Preview Content";
			sourceTree = "<group>";
		};
		8B162EBA2B8898FA00567C4A /* BeaconTestTests */ = {
			isa = PBXGroup;
			children = (
				8B162EBB2B8898FA00567C4A /* BeaconTestTests.swift */,
			);
			path = BeaconTestTests;
			sourceTree = "<group>";
		};
		8B162EC42B8898FA00567C4A /* BeaconTestUITests */ = {
			isa = PBXGroup;
			children = (
				8B162EC52B8898FA00567C4A /* BeaconTestUITests.swift */,
				8B162EC72B8898FA00567C4A /* BeaconTestUITestsLaunchTests.swift */,
			);
			path = BeaconTestUITests;
			sourceTree = "<group>";
		};
/* End PBXGroup section */

/* Begin PBXNativeTarget section */
		8B162EA62B8898F900567C4A /* BeaconTest */ = {
			isa = PBXNativeTarget;
			buildConfigurationList = 8B162ECB2B8898FA00567C4A /* Build configuration list for PBXNativeTarget "BeaconTest" */;
			buildPhases = (
				8B162EA32B8898F900567C4A /* Sources */,
				8B162EA42B8898F900567C4A /* Frameworks */,
				8B162EA52B8898F900567C4A /* Resources */,
			);
			buildRules = (
			);
			dependencies = (
			);
			name = BeaconTest;
			productName = BeaconTest;
			productReference = 8B162EA72B8898F900567C4A /* BeaconTest.app */;
			productType = "com.apple.product-type.application";
		};
		8B162EB62B8898FA00567C4A /* BeaconTestTests */ = {
			isa = PBXNativeTarget;
			buildConfigurationList = 8B162ECE2B8898FA00567C4A /* Build configuration list for PBXNativeTarget "BeaconTestTests" */;
			buildPhases = (
				8B162EB32B8898FA00567C4A /* Sources */,
				8B162EB42B8898FA00567C4A /* Frameworks */,
				8B162EB52B8898FA00567C4A /* Resources */,
			);
			buildRules = (
			);
			dependencies = (
				8B162EB92B8898FA00567C4A /* PBXTargetDependency */,
			);
			name = BeaconTestTests;
			productName = BeaconTestTests;
			productReference = 8B162EB72B8898FA00567C4A /* BeaconTestTests.xctest */;
			productType = "com.apple.product-type.bundle.unit-test";
		};
		8B162EC02B8898FA00567C4A /* BeaconTestUITests */ = {
			isa = PBXNativeTarget;
			buildConfigurationList = 8B162ED12B8898FA00567C4A /* Build configuration list for PBXNativeTarget "BeaconTestUITests" */;
			buildPhases = (
				8B162EBD2B8898FA00567C4A /* Sources */,
				8B162EBE2B8898FA00567C4A /* Frameworks */,
				8B162EBF2B8898FA00567C4A /* Resources */,
			);
			buildRules = (
			);
			dependencies = (
				8B162EC32B8898FA00567C4A /* PBXTargetDependency */,
			);
			name = BeaconTestUITests;
			productName = BeaconTestUITests;
			productReference = 8B162EC12B8898FA00567C4A /* BeaconTestUITests.xctest */;
			productType = "com.apple.product-type.bundle.ui-testing";
		};
/* End PBXNativeTarget section */

/* Begin PBXProject section */
		8B162E9F2B8898F900567C4A /* Project object */ = {
			isa = PBXProject;
			attributes = {
				BuildIndependentTargetsInParallel = 1;
				LastSwiftUpdateCheck = 1520;
				LastUpgradeCheck = 1520;
				TargetAttributes = {
					8B162EA62B8898F900567C4A = {
						CreatedOnToolsVersion = 15.2;
					};
					8B162EB62B8898FA00567C4A = {
						CreatedOnToolsVersion = 15.2;
						TestTargetID = 8B162EA62B8898F900567C4A;
					};
					8B162EC02B8898FA00567C4A = {
						CreatedOnToolsVersion = 15.2;
						TestTargetID = 8B162EA62B8898F900567C4A;
					};
				};
			};
			buildConfigurationList = 8B162EA22B8898F900567C4A /* Build configuration list for PBXProject "BeaconTest" */;
			compatibilityVersion = "Xcode 14.0";
			developmentRegion = en;
			hasScannedForEncodings = 0;
			knownRegions = (
				en,
				Base,
			);
			mainGroup = 8B162E9E2B8898F900567C4A;
			productRefGroup = 8B162EA82B8898F900567C4A /* Products */;
			projectDirPath = "";
			projectRoot = "";
			targets = (
				8B162EA62B8898F900567C4A /* BeaconTest */,
				8B162EB62B8898FA00567C4A /* BeaconTestTests */,
				8B162EC02B8898FA00567C4A /* BeaconTestUITests */,
			);
		};
/* End PBXProject section */

/* Begin PBXResourcesBuildPhase section */
		8B162EA52B8898F900567C4A /* Resources */ = {
			isa = PBXResourcesBuildPhase;
			buildActionMask = 2147483647;
			files = (
				8B162EB22B8898FA00567C4A /* Preview Assets.xcassets in Resources */,
				8B162EAF2B8898FA00567C4A /* Assets.xcassets in Resources */,
			);
			runOnlyForDeploymentPostprocessing = 0;
		};
		8B162EB52B8898FA00567C4A /* Resources */ = {
			isa = PBXResourcesBuildPhase;
			buildActionMask = 2147483647;
			files = (
			);
			runOnlyForDeploymentPostprocessing = 0;
		};
		8B162EBF2B8898FA00567C4A /* Resources */ = {
			isa = PBXResourcesBuildPhase;
			buildActionMask = 2147483647;
			files = (
			);
			runOnlyForDeploymentPostprocessing = 0;
		};
/* End PBXResourcesBuildPhase section */

/* Begin PBXSourcesBuildPhase section */
		8B162EA32B8898F900567C4A /* Sources */ = {
			isa = PBXSourcesBuildPhase;
			buildActionMask = 2147483647;
			files = (
				8B162EDE2B8CAFFC00567C4A /* BeaconManager.swift in Sources */,
				8B162EAD2B8898F900567C4A /* ContentView.swift in Sources */,
				8BCE7C2D2B931C5F005F7D5D /* VibrationManager.swift in Sources */,
				8B162EAB2B8898F900567C4A /* BeaconTestApp.swift in Sources */,
				8B162EE02B8DDAB300567C4A /* BeaconInfo.swift in Sources */,
			);
			runOnlyForDeploymentPostprocessing = 0;
		};
		8B162EB32B8898FA00567C4A /* Sources */ = {
			isa = PBXSourcesBuildPhase;
			buildActionMask = 2147483647;
			files = (
				8B162EBC2B8898FA00567C4A /* BeaconTestTests.swift in Sources */,
			);
			runOnlyForDeploymentPostprocessing = 0;
		};
		8B162EBD2B8898FA00567C4A /* Sources */ = {
			isa = PBXSourcesBuildPhase;
			buildActionMask = 2147483647;
			files = (
				8B162EC82B8898FA00567C4A /* BeaconTestUITestsLaunchTests.swift in Sources */,
				8B162EC62B8898FA00567C4A /* BeaconTestUITests.swift in Sources */,
			);
			runOnlyForDeploymentPostprocessing = 0;
		};
/* End PBXSourcesBuildPhase section */

/* Begin PBXTargetDependency section */
		8B162EB92B8898FA00567C4A /* PBXTargetDependency */ = {
			isa = PBXTargetDependency;
			target = 8B162EA62B8898F900567C4A /* BeaconTest */;
			targetProxy = 8B162EB82B8898FA00567C4A /* PBXContainerItemProxy */;
		};
		8B162EC32B8898FA00567C4A /* PBXTargetDependency */ = {
			isa = PBXTargetDependency;
			target = 8B162EA62B8898F900567C4A /* BeaconTest */;
			targetProxy = 8B162EC22B8898FA00567C4A /* PBXContainerItemProxy */;
		};
/* End PBXTargetDependency section */

/* Begin XCBuildConfiguration section */
		8B162EC92B8898FA00567C4A /* Debug */ = {
			isa = XCBuildConfiguration;
			buildSettings = {
				ALWAYS_SEARCH_USER_PATHS = NO;
				ASSETCATALOG_COMPILER_GENERATE_SWIFT_ASSET_SYMBOL_EXTENSIONS = YES;
				CLANG_ANALYZER_NONNULL = YES;
				CLANG_ANALYZER_NUMBER_OBJECT_CONVERSION = YES_AGGRESSIVE;
				CLANG_CXX_LANGUAGE_STANDARD = "gnu++20";
				CLANG_ENABLE_MODULES = YES;
				CLANG_ENABLE_OBJC_ARC = YES;
				CLANG_ENABLE_OBJC_WEAK = YES;
				CLANG_WARN_BLOCK_CAPTURE_AUTORELEASING = YES;
				CLANG_WARN_BOOL_CONVERSION = YES;
				CLANG_WARN_COMMA = YES;
				CLANG_WARN_CONSTANT_CONVERSION = YES;
				CLANG_WARN_DEPRECATED_OBJC_IMPLEMENTATIONS = YES;
				CLANG_WARN_DIRECT_OBJC_ISA_USAGE = YES_ERROR;
				CLANG_WARN_DOCUMENTATION_COMMENTS = YES;
				CLANG_WARN_EMPTY_BODY = YES;
				CLANG_WARN_ENUM_CONVERSION = YES;
				CLANG_WARN_INFINITE_RECURSION = YES;
				CLANG_WARN_INT_CONVERSION = YES;
				CLANG_WARN_NON_LITERAL_NULL_CONVERSION = YES;
				CLANG_WARN_OBJC_IMPLICIT_RETAIN_SELF = YES;
				CLANG_WARN_OBJC_LITERAL_CONVERSION = YES;
				CLANG_WARN_OBJC_ROOT_CLASS = YES_ERROR;
				CLANG_WARN_QUOTED_INCLUDE_IN_FRAMEWORK_HEADER = YES;
				CLANG_WARN_RANGE_LOOP_ANALYSIS = YES;
				CLANG_WARN_STRICT_PROTOTYPES = YES;
				CLANG_WARN_SUSPICIOUS_MOVE = YES;
				CLANG_WARN_UNGUARDED_AVAILABILITY = YES_AGGRESSIVE;
				CLANG_WARN_UNREACHABLE_CODE = YES;
				CLANG_WARN__DUPLICATE_METHOD_MATCH = YES;
				COPY_PHASE_STRIP = NO;
				DEBUG_INFORMATION_FORMAT = dwarf;
				ENABLE_STRICT_OBJC_MSGSEND = YES;
				ENABLE_TESTABILITY = YES;
				ENABLE_USER_SCRIPT_SANDBOXING = YES;
				GCC_C_LANGUAGE_STANDARD = gnu17;
				GCC_DYNAMIC_NO_PIC = NO;
				GCC_NO_COMMON_BLOCKS = YES;
				GCC_OPTIMIZATION_LEVEL = 0;
				GCC_PREPROCESSOR_DEFINITIONS = (
					"DEBUG=1",
					"$(inherited)",
				);
				GCC_WARN_64_TO_32_BIT_CONVERSION = YES;
				GCC_WARN_ABOUT_RETURN_TYPE = YES_ERROR;
				GCC_WARN_UNDECLARED_SELECTOR = YES;
				GCC_WARN_UNINITIALIZED_AUTOS = YES_AGGRESSIVE;
				GCC_WARN_UNUSED_FUNCTION = YES;
				GCC_WARN_UNUSED_VARIABLE = YES;
				IPHONEOS_DEPLOYMENT_TARGET = 17.2;
				LOCALIZATION_PREFERS_STRING_CATALOGS = YES;
				MTL_ENABLE_DEBUG_INFO = INCLUDE_SOURCE;
				MTL_FAST_MATH = YES;
				ONLY_ACTIVE_ARCH = YES;
				SDKROOT = iphoneos;
				SWIFT_ACTIVE_COMPILATION_CONDITIONS = "DEBUG $(inherited)";
				SWIFT_OPTIMIZATION_LEVEL = "-Onone";
			};
			name = Debug;
		};
		8B162ECA2B8898FA00567C4A /* Release */ = {
			isa = XCBuildConfiguration;
			buildSettings = {
				ALWAYS_SEARCH_USER_PATHS = NO;
				ASSETCATALOG_COMPILER_GENERATE_SWIFT_ASSET_SYMBOL_EXTENSIONS = YES;
				CLANG_ANALYZER_NONNULL = YES;
				CLANG_ANALYZER_NUMBER_OBJECT_CONVERSION = YES_AGGRESSIVE;
				CLANG_CXX_LANGUAGE_STANDARD = "gnu++20";
				CLANG_ENABLE_MODULES = YES;
				CLANG_ENABLE_OBJC_ARC = YES;
				CLANG_ENABLE_OBJC_WEAK = YES;
				CLANG_WARN_BLOCK_CAPTURE_AUTORELEASING = YES;
				CLANG_WARN_BOOL_CONVERSION = YES;
				CLANG_WARN_COMMA = YES;
				CLANG_WARN_CONSTANT_CONVERSION = YES;
				CLANG_WARN_DEPRECATED_OBJC_IMPLEMENTATIONS = YES;
				CLANG_WARN_DIRECT_OBJC_ISA_USAGE = YES_ERROR;
				CLANG_WARN_DOCUMENTATION_COMMENTS = YES;
				CLANG_WARN_EMPTY_BODY = YES;
				CLANG_WARN_ENUM_CONVERSION = YES;
				CLANG_WARN_INFINITE_RECURSION = YES;
				CLANG_WARN_INT_CONVERSION = YES;
				CLANG_WARN_NON_LITERAL_NULL_CONVERSION = YES;
				CLANG_WARN_OBJC_IMPLICIT_RETAIN_SELF = YES;
				CLANG_WARN_OBJC_LITERAL_CONVERSION = YES;
				CLANG_WARN_OBJC_ROOT_CLASS = YES_ERROR;
				CLANG_WARN_QUOTED_INCLUDE_IN_FRAMEWORK_HEADER = YES;
				CLANG_WARN_RANGE_LOOP_ANALYSIS = YES;
				CLANG_WARN_STRICT_PROTOTYPES = YES;
				CLANG_WARN_SUSPICIOUS_MOVE = YES;
				CLANG_WARN_UNGUARDED_AVAILABILITY = YES_AGGRESSIVE;
				CLANG_WARN_UNREACHABLE_CODE = YES;
				CLANG_WARN__DUPLICATE_METHOD_MATCH = YES;
				COPY_PHASE_STRIP = NO;
				DEBUG_INFORMATION_FORMAT = "dwarf-with-dsym";
				ENABLE_NS_ASSERTIONS = NO;
				ENABLE_STRICT_OBJC_MSGSEND = YES;
				ENABLE_USER_SCRIPT_SANDBOXING = YES;
				GCC_C_LANGUAGE_STANDARD = gnu17;
				GCC_NO_COMMON_BLOCKS = YES;
				GCC_WARN_64_TO_32_BIT_CONVERSION = YES;
				GCC_WARN_ABOUT_RETURN_TYPE = YES_ERROR;
				GCC_WARN_UNDECLARED_SELECTOR = YES;
				GCC_WARN_UNINITIALIZED_AUTOS = YES_AGGRESSIVE;
				GCC_WARN_UNUSED_FUNCTION = YES;
				GCC_WARN_UNUSED_VARIABLE = YES;
				IPHONEOS_DEPLOYMENT_TARGET = 17.2;
				LOCALIZATION_PREFERS_STRING_CATALOGS = YES;
				MTL_ENABLE_DEBUG_INFO = NO;
				MTL_FAST_MATH = YES;
				SDKROOT = iphoneos;
				SWIFT_COMPILATION_MODE = wholemodule;
				VALIDATE_PRODUCT = YES;
			};
			name = Release;
		};
		8B162ECC2B8898FA00567C4A /* Debug */ = {
			isa = XCBuildConfiguration;
			buildSettings = {
				ASSETCATALOG_COMPILER_APPICON_NAME = AppIcon;
				ASSETCATALOG_COMPILER_GLOBAL_ACCENT_COLOR_NAME = AccentColor;
				CODE_SIGN_STYLE = Automatic;
				CURRENT_PROJECT_VERSION = 1;
				DEVELOPMENT_ASSET_PATHS = "\"BeaconTest/Preview Content\"";
				DEVELOPMENT_TEAM = YH7UK78RLT;
				ENABLE_PREVIEWS = YES;
				GENERATE_INFOPLIST_FILE = YES;
				INFOPLIST_FILE = BeaconTest/Info.plist;
				INFOPLIST_KEY_NSLocationWhenInUseUsageDescription = Yes;
				INFOPLIST_KEY_UIApplicationSceneManifest_Generation = YES;
				INFOPLIST_KEY_UIApplicationSupportsIndirectInputEvents = YES;
				INFOPLIST_KEY_UILaunchScreen_Generation = YES;
				INFOPLIST_KEY_UISupportedInterfaceOrientations_iPad = "UIInterfaceOrientationPortrait UIInterfaceOrientationPortraitUpsideDown UIInterfaceOrientationLandscapeLeft UIInterfaceOrientationLandscapeRight";
				INFOPLIST_KEY_UISupportedInterfaceOrientations_iPhone = "UIInterfaceOrientationPortrait UIInterfaceOrientationLandscapeLeft UIInterfaceOrientationLandscapeRight";
				LD_RUNPATH_SEARCH_PATHS = (
					"$(inherited)",
					"@executable_path/Frameworks",
				);
				MARKETING_VERSION = 1.0;
				PRODUCT_BUNDLE_IDENTIFIER = com.Michele.BeaconTest;
				PRODUCT_NAME = "$(TARGET_NAME)";
				SWIFT_EMIT_LOC_STRINGS = YES;
				SWIFT_VERSION = 5.0;
				TARGETED_DEVICE_FAMILY = "1,2";
			};
			name = Debug;
		};
		8B162ECD2B8898FA00567C4A /* Release */ = {
			isa = XCBuildConfiguration;
			buildSettings = {
				ASSETCATALOG_COMPILER_APPICON_NAME = AppIcon;
				ASSETCATALOG_COMPILER_GLOBAL_ACCENT_COLOR_NAME = AccentColor;
				CODE_SIGN_STYLE = Automatic;
				CURRENT_PROJECT_VERSION = 1;
				DEVELOPMENT_ASSET_PATHS = "\"BeaconTest/Preview Content\"";
				DEVELOPMENT_TEAM = YH7UK78RLT;
				ENABLE_PREVIEWS = YES;
				GENERATE_INFOPLIST_FILE = YES;
				INFOPLIST_FILE = BeaconTest/Info.plist;
				INFOPLIST_KEY_NSLocationWhenInUseUsageDescription = Yes;
				INFOPLIST_KEY_UIApplicationSceneManifest_Generation = YES;
				INFOPLIST_KEY_UIApplicationSupportsIndirectInputEvents = YES;
				INFOPLIST_KEY_UILaunchScreen_Generation = YES;
				INFOPLIST_KEY_UISupportedInterfaceOrientations_iPad = "UIInterfaceOrientationPortrait UIInterfaceOrientationPortraitUpsideDown UIInterfaceOrientationLandscapeLeft UIInterfaceOrientationLandscapeRight";
				INFOPLIST_KEY_UISupportedInterfaceOrientations_iPhone = "UIInterfaceOrientationPortrait UIInterfaceOrientationLandscapeLeft UIInterfaceOrientationLandscapeRight";
				LD_RUNPATH_SEARCH_PATHS = (
					"$(inherited)",
					"@executable_path/Frameworks",
				);
				MARKETING_VERSION = 1.0;
				PRODUCT_BUNDLE_IDENTIFIER = com.Michele.BeaconTest;
				PRODUCT_NAME = "$(TARGET_NAME)";
				SWIFT_EMIT_LOC_STRINGS = YES;
				SWIFT_VERSION = 5.0;
				TARGETED_DEVICE_FAMILY = "1,2";
			};
			name = Release;
		};
		8B162ECF2B8898FA00567C4A /* Debug */ = {
			isa = XCBuildConfiguration;
			buildSettings = {
				ALWAYS_EMBED_SWIFT_STANDARD_LIBRARIES = YES;
				BUNDLE_LOADER = "$(TEST_HOST)";
				CODE_SIGN_STYLE = Automatic;
				CURRENT_PROJECT_VERSION = 1;
				DEVELOPMENT_TEAM = YH7UK78RLT;
				GENERATE_INFOPLIST_FILE = YES;
				IPHONEOS_DEPLOYMENT_TARGET = 17.2;
				MARKETING_VERSION = 1.0;
				PRODUCT_BUNDLE_IDENTIFIER = com.Michele.BeaconTestTests;
				PRODUCT_NAME = "$(TARGET_NAME)";
				SWIFT_EMIT_LOC_STRINGS = NO;
				SWIFT_VERSION = 5.0;
				TARGETED_DEVICE_FAMILY = "1,2";
				TEST_HOST = "$(BUILT_PRODUCTS_DIR)/BeaconTest.app/$(BUNDLE_EXECUTABLE_FOLDER_PATH)/BeaconTest";
			};
			name = Debug;
		};
		8B162ED02B8898FA00567C4A /* Release */ = {
			isa = XCBuildConfiguration;
			buildSettings = {
				ALWAYS_EMBED_SWIFT_STANDARD_LIBRARIES = YES;
				BUNDLE_LOADER = "$(TEST_HOST)";
				CODE_SIGN_STYLE = Automatic;
				CURRENT_PROJECT_VERSION = 1;
				DEVELOPMENT_TEAM = YH7UK78RLT;
				GENERATE_INFOPLIST_FILE = YES;
				IPHONEOS_DEPLOYMENT_TARGET = 17.2;
				MARKETING_VERSION = 1.0;
				PRODUCT_BUNDLE_IDENTIFIER = com.Michele.BeaconTestTests;
				PRODUCT_NAME = "$(TARGET_NAME)";
				SWIFT_EMIT_LOC_STRINGS = NO;
				SWIFT_VERSION = 5.0;
				TARGETED_DEVICE_FAMILY = "1,2";
				TEST_HOST = "$(BUILT_PRODUCTS_DIR)/BeaconTest.app/$(BUNDLE_EXECUTABLE_FOLDER_PATH)/BeaconTest";
			};
			name = Release;
		};
		8B162ED22B8898FA00567C4A /* Debug */ = {
			isa = XCBuildConfiguration;
			buildSettings = {
				ALWAYS_EMBED_SWIFT_STANDARD_LIBRARIES = YES;
				CODE_SIGN_STYLE = Automatic;
				CURRENT_PROJECT_VERSION = 1;
				DEVELOPMENT_TEAM = YH7UK78RLT;
				GENERATE_INFOPLIST_FILE = YES;
				MARKETING_VERSION = 1.0;
				PRODUCT_BUNDLE_IDENTIFIER = com.Michele.BeaconTestUITests;
				PRODUCT_NAME = "$(TARGET_NAME)";
				SWIFT_EMIT_LOC_STRINGS = NO;
				SWIFT_VERSION = 5.0;
				TARGETED_DEVICE_FAMILY = "1,2";
				TEST_TARGET_NAME = BeaconTest;
			};
			name = Debug;
		};
		8B162ED32B8898FA00567C4A /* Release */ = {
			isa = XCBuildConfiguration;
			buildSettings = {
				ALWAYS_EMBED_SWIFT_STANDARD_LIBRARIES = YES;
				CODE_SIGN_STYLE = Automatic;
				CURRENT_PROJECT_VERSION = 1;
				DEVELOPMENT_TEAM = YH7UK78RLT;
				GENERATE_INFOPLIST_FILE = YES;
				MARKETING_VERSION = 1.0;
				PRODUCT_BUNDLE_IDENTIFIER = com.Michele.BeaconTestUITests;
				PRODUCT_NAME = "$(TARGET_NAME)";
				SWIFT_EMIT_LOC_STRINGS = NO;
				SWIFT_VERSION = 5.0;
				TARGETED_DEVICE_FAMILY = "1,2";
				TEST_TARGET_NAME = BeaconTest;
			};
			name = Release;
		};
/* End XCBuildConfiguration section */

/* Begin XCConfigurationList section */
		8B162EA22B8898F900567C4A /* Build configuration list for PBXProject "BeaconTest" */ = {
			isa = XCConfigurationList;
			buildConfigurations = (
				8B162EC92B8898FA00567C4A /* Debug */,
				8B162ECA2B8898FA00567C4A /* Release */,
			);
			defaultConfigurationIsVisible = 0;
			defaultConfigurationName = Release;
		};
		8B162ECB2B8898FA00567C4A /* Build configuration list for PBXNativeTarget "BeaconTest" */ = {
			isa = XCConfigurationList;
			buildConfigurations = (
				8B162ECC2B8898FA00567C4A /* Debug */,
				8B162ECD2B8898FA00567C4A /* Release */,
			);
			defaultConfigurationIsVisible = 0;
			defaultConfigurationName = Release;
		};
		8B162ECE2B8898FA00567C4A /* Build configuration list for PBXNativeTarget "BeaconTestTests" */ = {
			isa = XCConfigurationList;
			buildConfigurations = (
				8B162ECF2B8898FA00567C4A /* Debug */,
				8B162ED02B8898FA00567C4A /* Release */,
			);
			defaultConfigurationIsVisible = 0;
			defaultConfigurationName = Release;
		};
		8B162ED12B8898FA00567C4A /* Build configuration list for PBXNativeTarget "BeaconTestUITests" */ = {
			isa = XCConfigurationList;
			buildConfigurations = (
				8B162ED22B8898FA00567C4A /* Debug */,
				8B162ED32B8898FA00567C4A /* Release */,
			);
			defaultConfigurationIsVisible = 0;
			defaultConfigurationName = Release;
		};
/* End XCConfigurationList section */
	};
	rootObject = 8B162E9F2B8898F900567C4A /* Project object */;
}
